// !$*UTF8*$!
{
	archiveVersion = 1;
	classes = {
	};
	objectVersion = 56;
	objects = {

/* Begin PBXBuildFile section */
		3537E5B328F7A841002E998F /* AppDelegate.swift in Sources */ = {isa = PBXBuildFile; fileRef = 3537E5B228F7A841002E998F /* AppDelegate.swift */; };
		3537E5B528F7A841002E998F /* SceneDelegate.swift in Sources */ = {isa = PBXBuildFile; fileRef = 3537E5B428F7A841002E998F /* SceneDelegate.swift */; };
		3537E5B728F7A841002E998F /* ViewController.swift in Sources */ = {isa = PBXBuildFile; fileRef = 3537E5B628F7A841002E998F /* ViewController.swift */; };
		3537E5BA28F7A841002E998F /* Main.storyboard in Resources */ = {isa = PBXBuildFile; fileRef = 3537E5B828F7A841002E998F /* Main.storyboard */; };
		3537E5BC28F7A842002E998F /* Assets.xcassets in Resources */ = {isa = PBXBuildFile; fileRef = 3537E5BB28F7A842002E998F /* Assets.xcassets */; };
		3537E5BF28F7A842002E998F /* LaunchScreen.storyboard in Resources */ = {isa = PBXBuildFile; fileRef = 3537E5BD28F7A842002E998F /* LaunchScreen.storyboard */; };
		3537E5CB28F7D715002E998F /* GoogleService-Info.plist in Resources */ = {isa = PBXBuildFile; fileRef = 3537E5CA28F7D715002E998F /* GoogleService-Info.plist */; };
		97C4D28DC404C786901A4BCB /* Pods_Hosting.framework in Frameworks */ = {isa = PBXBuildFile; fileRef = 985B2EA9CF7A920AAD64B416 /* Pods_Hosting.framework */; };
/* End PBXBuildFile section */

/* Begin PBXFileReference section */
		078E4AF48275B31F09D3D456 /* Pods-Hosting.release.xcconfig */ = {isa = PBXFileReference; includeInIndex = 1; lastKnownFileType = text.xcconfig; name = "Pods-Hosting.release.xcconfig"; path = "Target Support Files/Pods-Hosting/Pods-Hosting.release.xcconfig"; sourceTree = "<group>"; };
		3537E5AF28F7A841002E998F /* Hosting.app */ = {isa = PBXFileReference; explicitFileType = wrapper.application; includeInIndex = 0; path = Hosting.app; sourceTree = BUILT_PRODUCTS_DIR; };
		3537E5B228F7A841002E998F /* AppDelegate.swift */ = {isa = PBXFileReference; lastKnownFileType = sourcecode.swift; path = AppDelegate.swift; sourceTree = "<group>"; };
		3537E5B428F7A841002E998F /* SceneDelegate.swift */ = {isa = PBXFileReference; lastKnownFileType = sourcecode.swift; path = SceneDelegate.swift; sourceTree = "<group>"; };
		3537E5B628F7A841002E998F /* ViewController.swift */ = {isa = PBXFileReference; lastKnownFileType = sourcecode.swift; path = ViewController.swift; sourceTree = "<group>"; };
		3537E5B928F7A841002E998F /* Base */ = {isa = PBXFileReference; lastKnownFileType = file.storyboard; name = Base; path = Base.lproj/Main.storyboard; sourceTree = "<group>"; };
		3537E5BB28F7A842002E998F /* Assets.xcassets */ = {isa = PBXFileReference; lastKnownFileType = folder.assetcatalog; path = Assets.xcassets; sourceTree = "<group>"; };
		3537E5BE28F7A842002E998F /* Base */ = {isa = PBXFileReference; lastKnownFileType = file.storyboard; name = Base; path = Base.lproj/LaunchScreen.storyboard; sourceTree = "<group>"; };
		3537E5C028F7A842002E998F /* Info.plist */ = {isa = PBXFileReference; lastKnownFileType = text.plist.xml; path = Info.plist; sourceTree = "<group>"; };
		3537E5CA28F7D715002E998F /* GoogleService-Info.plist */ = {isa = PBXFileReference; fileEncoding = 4; lastKnownFileType = text.plist.xml; path = "GoogleService-Info.plist"; sourceTree = "<group>"; };
		5BF8CD7581265E5D4294D11E /* Pods-Hosting.debug.xcconfig */ = {isa = PBXFileReference; includeInIndex = 1; lastKnownFileType = text.xcconfig; name = "Pods-Hosting.debug.xcconfig"; path = "Target Support Files/Pods-Hosting/Pods-Hosting.debug.xcconfig"; sourceTree = "<group>"; };
		985B2EA9CF7A920AAD64B416 /* Pods_Hosting.framework */ = {isa = PBXFileReference; explicitFileType = wrapper.framework; includeInIndex = 0; path = Pods_Hosting.framework; sourceTree = BUILT_PRODUCTS_DIR; };
/* End PBXFileReference section */

/* Begin PBXFrameworksBuildPhase section */
		3537E5AC28F7A841002E998F /* Frameworks */ = {
			isa = PBXFrameworksBuildPhase;
			buildActionMask = 2147483647;
			files = (
				97C4D28DC404C786901A4BCB /* Pods_Hosting.framework in Frameworks */,
			);
			runOnlyForDeploymentPostprocessing = 0;
		};
/* End PBXFrameworksBuildPhase section */

/* Begin PBXGroup section */
		34F14EB91BCC272B8444F0D8 /* Frameworks */ = {
			isa = PBXGroup;
			children = (
				985B2EA9CF7A920AAD64B416 /* Pods_Hosting.framework */,
			);
			name = Frameworks;
			sourceTree = "<group>";
		};
		3537E5A628F7A841002E998F = {
			isa = PBXGroup;
			children = (
				3537E5B128F7A841002E998F /* Hosting */,
				3537E5B028F7A841002E998F /* Products */,
				7D89817CE22CF1A4E7C5777B /* Pods */,
				34F14EB91BCC272B8444F0D8 /* Frameworks */,
			);
			sourceTree = "<group>";
		};
		3537E5B028F7A841002E998F /* Products */ = {
			isa = PBXGroup;
			children = (
				3537E5AF28F7A841002E998F /* Hosting.app */,
			);
			name = Products;
			sourceTree = "<group>";
		};
		3537E5B128F7A841002E998F /* Hosting */ = {
			isa = PBXGroup;
			children = (
				3537E5B228F7A841002E998F /* AppDelegate.swift */,
				3537E5B428F7A841002E998F /* SceneDelegate.swift */,
				3537E5B628F7A841002E998F /* ViewController.swift */,
				3537E5B828F7A841002E998F /* Main.storyboard */,
				3537E5BB28F7A842002E998F /* Assets.xcassets */,
				3537E5BD28F7A842002E998F /* LaunchScreen.storyboard */,
				3537E5CA28F7D715002E998F /* GoogleService-Info.plist */,
				3537E5C028F7A842002E998F /* Info.plist */,
			);
			path = Hosting;
			sourceTree = "<group>";
		};
		7D89817CE22CF1A4E7C5777B /* Pods */ = {
			isa = PBXGroup;
			children = (
				5BF8CD7581265E5D4294D11E /* Pods-Hosting.debug.xcconfig */,
				078E4AF48275B31F09D3D456 /* Pods-Hosting.release.xcconfig */,
			);
			path = Pods;
			sourceTree = "<group>";
		};
/* End PBXGroup section */

/* Begin PBXNativeTarget section */
		3537E5AE28F7A841002E998F /* Hosting */ = {
			isa = PBXNativeTarget;
			buildConfigurationList = 3537E5C328F7A842002E998F /* Build configuration list for PBXNativeTarget "Hosting" */;
			buildPhases = (
				AF449F066BE9C5833D14637F /* [CP] Check Pods Manifest.lock */,
				3537E5AB28F7A841002E998F /* Sources */,
				3537E5AC28F7A841002E998F /* Frameworks */,
				3537E5AD28F7A841002E998F /* Resources */,
				3BECB284E5B567B0F3AF717E /* [CP] Embed Pods Frameworks */,
				2C76EA9CCAAA62391E479FFA /* [CP] Copy Pods Resources */,
			);
			buildRules = (
			);
			dependencies = (
			);
			name = Hosting;
			productName = Hosting;
			productReference = 3537E5AF28F7A841002E998F /* Hosting.app */;
			productType = "com.apple.product-type.application";
		};
/* End PBXNativeTarget section */

/* Begin PBXProject section */
		3537E5A728F7A841002E998F /* Project object */ = {
			isa = PBXProject;
			attributes = {
				BuildIndependentTargetsInParallel = 1;
				LastSwiftUpdateCheck = 1400;
				LastUpgradeCheck = 1400;
				TargetAttributes = {
					3537E5AE28F7A841002E998F = {
						CreatedOnToolsVersion = 14.0.1;
					};
				};
			};
			buildConfigurationList = 3537E5AA28F7A841002E998F /* Build configuration list for PBXProject "Hosting" */;
			compatibilityVersion = "Xcode 14.0";
			developmentRegion = en;
			hasScannedForEncodings = 0;
			knownRegions = (
				en,
				Base,
			);
			mainGroup = 3537E5A628F7A841002E998F;
			productRefGroup = 3537E5B028F7A841002E998F /* Products */;
			projectDirPath = "";
			projectRoot = "";
			targets = (
				3537E5AE28F7A841002E998F /* Hosting */,
			);
		};
/* End PBXProject section */

/* Begin PBXResourcesBuildPhase section */
		3537E5AD28F7A841002E998F /* Resources */ = {
			isa = PBXResourcesBuildPhase;
			buildActionMask = 2147483647;
			files = (
				3537E5BF28F7A842002E998F /* LaunchScreen.storyboard in Resources */,
				3537E5CB28F7D715002E998F /* GoogleService-Info.plist in Resources */,
				3537E5BC28F7A842002E998F /* Assets.xcassets in Resources */,
				3537E5BA28F7A841002E998F /* Main.storyboard in Resources */,
			);
			runOnlyForDeploymentPostprocessing = 0;
		};
/* End PBXResourcesBuildPhase section */

/* Begin PBXShellScriptBuildPhase section */
		2C76EA9CCAAA62391E479FFA /* [CP] Copy Pods Resources */ = {
			isa = PBXShellScriptBuildPhase;
			buildActionMask = 2147483647;
			files = (
			);
			inputFileListPaths = (
				"${PODS_ROOT}/Target Support Files/Pods-Hosting/Pods-Hosting-resources-${CONFIGURATION}-input-files.xcfilelist",
			);
			name = "[CP] Copy Pods Resources";
			outputFileListPaths = (
				"${PODS_ROOT}/Target Support Files/Pods-Hosting/Pods-Hosting-resources-${CONFIGURATION}-output-files.xcfilelist",
			);
			runOnlyForDeploymentPostprocessing = 0;
			shellPath = /bin/sh;
			shellScript = "\"${PODS_ROOT}/Target Support Files/Pods-Hosting/Pods-Hosting-resources.sh\"\n";
			showEnvVarsInLog = 0;
		};
		3BECB284E5B567B0F3AF717E /* [CP] Embed Pods Frameworks */ = {
			isa = PBXShellScriptBuildPhase;
			buildActionMask = 2147483647;
			files = (
			);
			inputFileListPaths = (
				"${PODS_ROOT}/Target Support Files/Pods-Hosting/Pods-Hosting-frameworks-${CONFIGURATION}-input-files.xcfilelist",
			);
			name = "[CP] Embed Pods Frameworks";
			outputFileListPaths = (
				"${PODS_ROOT}/Target Support Files/Pods-Hosting/Pods-Hosting-frameworks-${CONFIGURATION}-output-files.xcfilelist",
			);
			runOnlyForDeploymentPostprocessing = 0;
			shellPath = /bin/sh;
			shellScript = "\"${PODS_ROOT}/Target Support Files/Pods-Hosting/Pods-Hosting-frameworks.sh\"\n";
			showEnvVarsInLog = 0;
		};
		AF449F066BE9C5833D14637F /* [CP] Check Pods Manifest.lock */ = {
			isa = PBXShellScriptBuildPhase;
			buildActionMask = 2147483647;
			files = (
			);
			inputFileListPaths = (
			);
			inputPaths = (
				"${PODS_PODFILE_DIR_PATH}/Podfile.lock",
				"${PODS_ROOT}/Manifest.lock",
			);
			name = "[CP] Check Pods Manifest.lock";
			outputFileListPaths = (
			);
			outputPaths = (
				"$(DERIVED_FILE_DIR)/Pods-Hosting-checkManifestLockResult.txt",
			);
			runOnlyForDeploymentPostprocessing = 0;
			shellPath = /bin/sh;
			shellScript = "diff \"${PODS_PODFILE_DIR_PATH}/Podfile.lock\" \"${PODS_ROOT}/Manifest.lock\" > /dev/null\nif [ $? != 0 ] ; then\n    # print error to STDERR\n    echo \"error: The sandbox is not in sync with the Podfile.lock. Run 'pod install' or update your CocoaPods installation.\" >&2\n    exit 1\nfi\n# This output is used by Xcode 'outputs' to avoid re-running this script phase.\necho \"SUCCESS\" > \"${SCRIPT_OUTPUT_FILE_0}\"\n";
			showEnvVarsInLog = 0;
		};
/* End PBXShellScriptBuildPhase section */

/* Begin PBXSourcesBuildPhase section */
		3537E5AB28F7A841002E998F /* Sources */ = {
			isa = PBXSourcesBuildPhase;
			buildActionMask = 2147483647;
			files = (
				3537E5B728F7A841002E998F /* ViewController.swift in Sources */,
				3537E5B328F7A841002E998F /* AppDelegate.swift in Sources */,
				3537E5B528F7A841002E998F /* SceneDelegate.swift in Sources */,
			);
			runOnlyForDeploymentPostprocessing = 0;
		};
/* End PBXSourcesBuildPhase section */

/* Begin PBXVariantGroup section */
		3537E5B828F7A841002E998F /* Main.storyboard */ = {
			isa = PBXVariantGroup;
			children = (
				3537E5B928F7A841002E998F /* Base */,
			);
			name = Main.storyboard;
			sourceTree = "<group>";
		};
		3537E5BD28F7A842002E998F /* LaunchScreen.storyboard */ = {
			isa = PBXVariantGroup;
			children = (
				3537E5BE28F7A842002E998F /* Base */,
			);
			name = LaunchScreen.storyboard;
			sourceTree = "<group>";
		};
/* End PBXVariantGroup section */

/* Begin XCBuildConfiguration section */
		3537E5C128F7A842002E998F /* Debug */ = {
			isa = XCBuildConfiguration;
			buildSettings = {
				ALWAYS_SEARCH_USER_PATHS = NO;
				CLANG_ANALYZER_NONNULL = YES;
				CLANG_ANALYZER_NUMBER_OBJECT_CONVERSION = YES_AGGRESSIVE;
				CLANG_CXX_LANGUAGE_STANDARD = "gnu++20";
				CLANG_ENABLE_MODULES = YES;
				CLANG_ENABLE_OBJC_ARC = YES;
				CLANG_ENABLE_OBJC_WEAK = YES;
				CLANG_WARN_BLOCK_CAPTURE_AUTORELEASING = YES;
				CLANG_WARN_BOOL_CONVERSION = YES;
				CLANG_WARN_COMMA = YES;
				CLANG_WARN_CONSTANT_CONVERSION = YES;
				CLANG_WARN_DEPRECATED_OBJC_IMPLEMENTATIONS = YES;
				CLANG_WARN_DIRECT_OBJC_ISA_USAGE = YES_ERROR;
				CLANG_WARN_DOCUMENTATION_COMMENTS = YES;
				CLANG_WARN_EMPTY_BODY = YES;
				CLANG_WARN_ENUM_CONVERSION = YES;
				CLANG_WARN_INFINITE_RECURSION = YES;
				CLANG_WARN_INT_CONVERSION = YES;
				CLANG_WARN_NON_LITERAL_NULL_CONVERSION = YES;
				CLANG_WARN_OBJC_IMPLICIT_RETAIN_SELF = YES;
				CLANG_WARN_OBJC_LITERAL_CONVERSION = YES;
				CLANG_WARN_OBJC_ROOT_CLASS = YES_ERROR;
				CLANG_WARN_QUOTED_INCLUDE_IN_FRAMEWORK_HEADER = YES;
				CLANG_WARN_RANGE_LOOP_ANALYSIS = YES;
				CLANG_WARN_STRICT_PROTOTYPES = YES;
				CLANG_WARN_SUSPICIOUS_MOVE = YES;
				CLANG_WARN_UNGUARDED_AVAILABILITY = YES_AGGRESSIVE;
				CLANG_WARN_UNREACHABLE_CODE = YES;
				CLANG_WARN__DUPLICATE_METHOD_MATCH = YES;
				COPY_PHASE_STRIP = NO;
				DEBUG_INFORMATION_FORMAT = dwarf;
				ENABLE_STRICT_OBJC_MSGSEND = YES;
				ENABLE_TESTABILITY = YES;
				GCC_C_LANGUAGE_STANDARD = gnu11;
				GCC_DYNAMIC_NO_PIC = NO;
				GCC_NO_COMMON_BLOCKS = YES;
				GCC_OPTIMIZATION_LEVEL = 0;
				GCC_PREPROCESSOR_DEFINITIONS = (
					"DEBUG=1",
					"$(inherited)",
				);
				GCC_WARN_64_TO_32_BIT_CONVERSION = YES;
				GCC_WARN_ABOUT_RETURN_TYPE = YES_ERROR;
				GCC_WARN_UNDECLARED_SELECTOR = YES;
				GCC_WARN_UNINITIALIZED_AUTOS = YES_AGGRESSIVE;
				GCC_WARN_UNUSED_FUNCTION = YES;
				GCC_WARN_UNUSED_VARIABLE = YES;
				IPHONEOS_DEPLOYMENT_TARGET = 16.0;
				MTL_ENABLE_DEBUG_INFO = INCLUDE_SOURCE;
				MTL_FAST_MATH = YES;
				ONLY_ACTIVE_ARCH = YES;
				SDKROOT = iphoneos;
				SWIFT_ACTIVE_COMPILATION_CONDITIONS = DEBUG;
				SWIFT_OPTIMIZATION_LEVEL = "-Onone";
			};
			name = Debug;
		};
		3537E5C228F7A842002E998F /* Release */ = {
			isa = XCBuildConfiguration;
			buildSettings = {
				ALWAYS_SEARCH_USER_PATHS = NO;
				CLANG_ANALYZER_NONNULL = YES;
				CLANG_ANALYZER_NUMBER_OBJECT_CONVERSION = YES_AGGRESSIVE;
				CLANG_CXX_LANGUAGE_STANDARD = "gnu++20";
				CLANG_ENABLE_MODULES = YES;
				CLANG_ENABLE_OBJC_ARC = YES;
				CLANG_ENABLE_OBJC_WEAK = YES;
				CLANG_WARN_BLOCK_CAPTURE_AUTORELEASING = YES;
				CLANG_WARN_BOOL_CONVERSION = YES;
				CLANG_WARN_COMMA = YES;
				CLANG_WARN_CONSTANT_CONVERSION = YES;
				CLANG_WARN_DEPRECATED_OBJC_IMPLEMENTATIONS = YES;
				CLANG_WARN_DIRECT_OBJC_ISA_USAGE = YES_ERROR;
				CLANG_WARN_DOCUMENTATION_COMMENTS = YES;
				CLANG_WARN_EMPTY_BODY = YES;
				CLANG_WARN_ENUM_CONVERSION = YES;
				CLANG_WARN_INFINITE_RECURSION = YES;
				CLANG_WARN_INT_CONVERSION = YES;
				CLANG_WARN_NON_LITERAL_NULL_CONVERSION = YES;
				CLANG_WARN_OBJC_IMPLICIT_RETAIN_SELF = YES;
				CLANG_WARN_OBJC_LITERAL_CONVERSION = YES;
				CLANG_WARN_OBJC_ROOT_CLASS = YES_ERROR;
				CLANG_WARN_QUOTED_INCLUDE_IN_FRAMEWORK_HEADER = YES;
				CLANG_WARN_RANGE_LOOP_ANALYSIS = YES;
				CLANG_WARN_STRICT_PROTOTYPES = YES;
				CLANG_WARN_SUSPICIOUS_MOVE = YES;
				CLANG_WARN_UNGUARDED_AVAILABILITY = YES_AGGRESSIVE;
				CLANG_WARN_UNREACHABLE_CODE = YES;
				CLANG_WARN__DUPLICATE_METHOD_MATCH = YES;
				COPY_PHASE_STRIP = NO;
				DEBUG_INFORMATION_FORMAT = "dwarf-with-dsym";
				ENABLE_NS_ASSERTIONS = NO;
				ENABLE_STRICT_OBJC_MSGSEND = YES;
				GCC_C_LANGUAGE_STANDARD = gnu11;
				GCC_NO_COMMON_BLOCKS = YES;
				GCC_WARN_64_TO_32_BIT_CONVERSION = YES;
				GCC_WARN_ABOUT_RETURN_TYPE = YES_ERROR;
				GCC_WARN_UNDECLARED_SELECTOR = YES;
				GCC_WARN_UNINITIALIZED_AUTOS = YES_AGGRESSIVE;
				GCC_WARN_UNUSED_FUNCTION = YES;
				GCC_WARN_UNUSED_VARIABLE = YES;
				IPHONEOS_DEPLOYMENT_TARGET = 16.0;
				MTL_ENABLE_DEBUG_INFO = NO;
				MTL_FAST_MATH = YES;
				SDKROOT = iphoneos;
				SWIFT_COMPILATION_MODE = wholemodule;
				SWIFT_OPTIMIZATION_LEVEL = "-O";
				VALIDATE_PRODUCT = YES;
			};
			name = Release;
		};
		3537E5C428F7A842002E998F /* Debug */ = {
			isa = XCBuildConfiguration;
			baseConfigurationReference = 5BF8CD7581265E5D4294D11E /* Pods-Hosting.debug.xcconfig */;
			buildSettings = {
				ASSETCATALOG_COMPILER_APPICON_NAME = AppIcon;
				ASSETCATALOG_COMPILER_GLOBAL_ACCENT_COLOR_NAME = AccentColor;
				CODE_SIGN_STYLE = Automatic;
				CURRENT_PROJECT_VERSION = 1;
				DEVELOPMENT_TEAM = 36M4KA46B4;
				GENERATE_INFOPLIST_FILE = YES;
				INFOPLIST_FILE = Hosting/Info.plist;
				INFOPLIST_KEY_UIApplicationSupportsIndirectInputEvents = YES;
				INFOPLIST_KEY_UILaunchStoryboardName = LaunchScreen;
				INFOPLIST_KEY_UIMainStoryboardFile = Main;
				INFOPLIST_KEY_UISupportedInterfaceOrientations_iPad = "UIInterfaceOrientationPortrait UIInterfaceOrientationPortraitUpsideDown UIInterfaceOrientationLandscapeLeft UIInterfaceOrientationLandscapeRight";
				INFOPLIST_KEY_UISupportedInterfaceOrientations_iPhone = "UIInterfaceOrientationPortrait UIInterfaceOrientationLandscapeLeft UIInterfaceOrientationLandscapeRight";
				LD_RUNPATH_SEARCH_PATHS = (
					"$(inherited)",
					"@executable_path/Frameworks",
				);
				MARKETING_VERSION = 1.0;
				PRODUCT_BUNDLE_IDENTIFIER = com.kaushik.Hosting;
				PRODUCT_NAME = "$(TARGET_NAME)";
				SWIFT_EMIT_LOC_STRINGS = YES;
				SWIFT_VERSION = 5.0;
				TARGETED_DEVICE_FAMILY = "1,2";
			};
			name = Debug;
		};
		3537E5C528F7A842002E998F /* Release */ = {
			isa = XCBuildConfiguration;
			baseConfigurationReference = 078E4AF48275B31F09D3D456 /* Pods-Hosting.release.xcconfig */;
			buildSettings = {
				ASSETCATALOG_COMPILER_APPICON_NAME = AppIcon;
				ASSETCATALOG_COMPILER_GLOBAL_ACCENT_COLOR_NAME = AccentColor;
				CODE_SIGN_STYLE = Automatic;
				CURRENT_PROJECT_VERSION = 1;
				DEVELOPMENT_TEAM = 36M4KA46B4;
				GENERATE_INFOPLIST_FILE = YES;
				INFOPLIST_FILE = Hosting/Info.plist;
				INFOPLIST_KEY_UIApplicationSupportsIndirectInputEvents = YES;
				INFOPLIST_KEY_UILaunchStoryboardName = LaunchScreen;
				INFOPLIST_KEY_UIMainStoryboardFile = Main;
				INFOPLIST_KEY_UISupportedInterfaceOrientations_iPad = "UIInterfaceOrientationPortrait UIInterfaceOrientationPortraitUpsideDown UIInterfaceOrientationLandscapeLeft UIInterfaceOrientationLandscapeRight";
				INFOPLIST_KEY_UISupportedInterfaceOrientations_iPhone = "UIInterfaceOrientationPortrait UIInterfaceOrientationLandscapeLeft UIInterfaceOrientationLandscapeRight";
				LD_RUNPATH_SEARCH_PATHS = (
					"$(inherited)",
					"@executable_path/Frameworks",
				);
				MARKETING_VERSION = 1.0;
				PRODUCT_BUNDLE_IDENTIFIER = com.kaushik.Hosting;
				PRODUCT_NAME = "$(TARGET_NAME)";
				SWIFT_EMIT_LOC_STRINGS = YES;
				SWIFT_VERSION = 5.0;
				TARGETED_DEVICE_FAMILY = "1,2";
			};
			name = Release;
		};
/* End XCBuildConfiguration section */

/* Begin XCConfigurationList section */
		3537E5AA28F7A841002E998F /* Build configuration list for PBXProject "Hosting" */ = {
			isa = XCConfigurationList;
			buildConfigurations = (
				3537E5C128F7A842002E998F /* Debug */,
				3537E5C228F7A842002E998F /* Release */,
			);
			defaultConfigurationIsVisible = 0;
			defaultConfigurationName = Release;
		};
		3537E5C328F7A842002E998F /* Build configuration list for PBXNativeTarget "Hosting" */ = {
			isa = XCConfigurationList;
			buildConfigurations = (
				3537E5C428F7A842002E998F /* Debug */,
				3537E5C528F7A842002E998F /* Release */,
			);
			defaultConfigurationIsVisible = 0;
			defaultConfigurationName = Release;
		};
/* End XCConfigurationList section */
	};
	rootObject = 3537E5A728F7A841002E998F /* Project object */;
}
